// !$*UTF8*$!
{
	archiveVersion = 1;
	classes = {
	};
	objectVersion = 56;
	objects = {

/* Begin PBXBuildFile section */
		A1000001 /* VoiceAvatarApp.swift in Sources */ = {isa = PBXBuildFile; fileRef = A2000001; };
		A1000002 /* ContentView.swift in Sources */ = {isa = PBXBuildFile; fileRef = A2000002; };
		A1000003 /* Assets.xcassets in Resources */ = {isa = PBXBuildFile; fileRef = A2000003; };
		A1000004 /* HomeView.swift in Sources */ = {isa = PBXBuildFile; fileRef = A2000004; };
		A1000005 /* RecordingView.swift in Sources */ = {isa = PBXBuildFile; fileRef = A2000005; };
		A1000006 /* ProfileListView.swift in Sources */ = {isa = PBXBuildFile; fileRef = A2000006; };
		A1000007 /* VoiceConversionView.swift in Sources */ = {isa = PBXBuildFile; fileRef = A2000007; };
		A1000008 /* AudioRecordingService.swift in Sources */ = {isa = PBXBuildFile; fileRef = A2000008; };
		A1000009 /* VoiceProfile.swift in Sources */ = {isa = PBXBuildFile; fileRef = A2000009; };
		A1000010 /* VoiceProfileManager.swift in Sources */ = {isa = PBXBuildFile; fileRef = A2000010; };
		A1000011 /* VoiceConversionEngine.swift in Sources */ = {isa = PBXBuildFile; fileRef = A2000011; };
		A1000012 /* AudioAnalyzer.swift in Sources */ = {isa = PBXBuildFile; fileRef = A2000012; };
		A1000013 /* RecordingViewModel.swift in Sources */ = {isa = PBXBuildFile; fileRef = A2000013; };
		A1000014 /* ProfileViewModel.swift in Sources */ = {isa = PBXBuildFile; fileRef = A2000014; };
		A1000015 /* ConversionViewModel.swift in Sources */ = {isa = PBXBuildFile; fileRef = A2000015; };
		A1000016 /* WaveformView.swift in Sources */ = {isa = PBXBuildFile; fileRef = A2000016; };
		A1000017 /* ProfileDetailView.swift in Sources */ = {isa = PBXBuildFile; fileRef = A2000017; };
		A1000018 /* Color+Extensions.swift in Sources */ = {isa = PBXBuildFile; fileRef = A2000018; };
		A1000019 /* KeychainService.swift in Sources */ = {isa = PBXBuildFile; fileRef = A2000020; };
		A1000020 /* SecurityManager.swift in Sources */ = {isa = PBXBuildFile; fileRef = A2000021; };
		A1000021 /* BiometricAuthService.swift in Sources */ = {isa = PBXBuildFile; fileRef = A2000022; };
		A1000022 /* LockScreenView.swift in Sources */ = {isa = PBXBuildFile; fileRef = A2000023; };
		A1000023 /* SettingsView.swift in Sources */ = {isa = PBXBuildFile; fileRef = A2000024; };
		A1000024 /* CoreMLVoiceService.swift in Sources */ = {isa = PBXBuildFile; fileRef = A2000025; };
		A1000025 /* WORLDVocoder.swift in Sources */ = {isa = PBXBuildFile; fileRef = A2000026; };
/* End PBXBuildFile section */

/* Begin PBXFileReference section */
		A2000000 /* VoiceAvatar.app */ = {isa = PBXFileReference; explicitFileType = wrapper.application; includeInIndex = 0; path = VoiceAvatar.app; sourceTree = BUILT_PRODUCTS_DIR; };
		A2000001 /* VoiceAvatarApp.swift */ = {isa = PBXFileReference; lastKnownFileType = sourcecode.swift; path = VoiceAvatarApp.swift; sourceTree = "<group>"; };
		A2000002 /* ContentView.swift */ = {isa = PBXFileReference; lastKnownFileType = sourcecode.swift; path = ContentView.swift; sourceTree = "<group>"; };
		A2000003 /* Assets.xcassets */ = {isa = PBXFileReference; lastKnownFileType = folder.assetcatalog; path = Assets.xcassets; sourceTree = "<group>"; };
		A2000004 /* HomeView.swift */ = {isa = PBXFileReference; lastKnownFileType = sourcecode.swift; path = HomeView.swift; sourceTree = "<group>"; };
		A2000005 /* RecordingView.swift */ = {isa = PBXFileReference; lastKnownFileType = sourcecode.swift; path = RecordingView.swift; sourceTree = "<group>"; };
		A2000006 /* ProfileListView.swift */ = {isa = PBXFileReference; lastKnownFileType = sourcecode.swift; path = ProfileListView.swift; sourceTree = "<group>"; };
		A2000007 /* VoiceConversionView.swift */ = {isa = PBXFileReference; lastKnownFileType = sourcecode.swift; path = VoiceConversionView.swift; sourceTree = "<group>"; };
		A2000008 /* AudioRecordingService.swift */ = {isa = PBXFileReference; lastKnownFileType = sourcecode.swift; path = AudioRecordingService.swift; sourceTree = "<group>"; };
		A2000009 /* VoiceProfile.swift */ = {isa = PBXFileReference; lastKnownFileType = sourcecode.swift; path = VoiceProfile.swift; sourceTree = "<group>"; };
		A2000010 /* VoiceProfileManager.swift */ = {isa = PBXFileReference; lastKnownFileType = sourcecode.swift; path = VoiceProfileManager.swift; sourceTree = "<group>"; };
		A2000011 /* VoiceConversionEngine.swift */ = {isa = PBXFileReference; lastKnownFileType = sourcecode.swift; path = VoiceConversionEngine.swift; sourceTree = "<group>"; };
		A2000012 /* AudioAnalyzer.swift */ = {isa = PBXFileReference; lastKnownFileType = sourcecode.swift; path = AudioAnalyzer.swift; sourceTree = "<group>"; };
		A2000013 /* RecordingViewModel.swift */ = {isa = PBXFileReference; lastKnownFileType = sourcecode.swift; path = RecordingViewModel.swift; sourceTree = "<group>"; };
		A2000014 /* ProfileViewModel.swift */ = {isa = PBXFileReference; lastKnownFileType = sourcecode.swift; path = ProfileViewModel.swift; sourceTree = "<group>"; };
		A2000015 /* ConversionViewModel.swift */ = {isa = PBXFileReference; lastKnownFileType = sourcecode.swift; path = ConversionViewModel.swift; sourceTree = "<group>"; };
		A2000016 /* WaveformView.swift */ = {isa = PBXFileReference; lastKnownFileType = sourcecode.swift; path = WaveformView.swift; sourceTree = "<group>"; };
		A2000017 /* ProfileDetailView.swift */ = {isa = PBXFileReference; lastKnownFileType = sourcecode.swift; path = ProfileDetailView.swift; sourceTree = "<group>"; };
		A2000018 /* Color+Extensions.swift */ = {isa = PBXFileReference; lastKnownFileType = sourcecode.swift; path = "Color+Extensions.swift"; sourceTree = "<group>"; };
		A2000019 /* Info.plist */ = {isa = PBXFileReference; lastKnownFileType = text.plist.xml; path = Info.plist; sourceTree = "<group>"; };
		A2000020 /* KeychainService.swift */ = {isa = PBXFileReference; lastKnownFileType = sourcecode.swift; path = KeychainService.swift; sourceTree = "<group>"; };
		A2000021 /* SecurityManager.swift */ = {isa = PBXFileReference; lastKnownFileType = sourcecode.swift; path = SecurityManager.swift; sourceTree = "<group>"; };
		A2000022 /* BiometricAuthService.swift */ = {isa = PBXFileReference; lastKnownFileType = sourcecode.swift; path = BiometricAuthService.swift; sourceTree = "<group>"; };
		A2000023 /* LockScreenView.swift */ = {isa = PBXFileReference; lastKnownFileType = sourcecode.swift; path = LockScreenView.swift; sourceTree = "<group>"; };
		A2000024 /* SettingsView.swift */ = {isa = PBXFileReference; lastKnownFileType = sourcecode.swift; path = SettingsView.swift; sourceTree = "<group>"; };
		A2000025 /* CoreMLVoiceService.swift */ = {isa = PBXFileReference; lastKnownFileType = sourcecode.swift; path = CoreMLVoiceService.swift; sourceTree = "<group>"; };
		A2000026 /* WORLDVocoder.swift */ = {isa = PBXFileReference; lastKnownFileType = sourcecode.swift; path = WORLDVocoder.swift; sourceTree = "<group>"; };
/* End PBXFileReference section */

/* Begin PBXFrameworksBuildPhase section */
		A3000001 /* Frameworks */ = {
			isa = PBXFrameworksBuildPhase;
			buildActionMask = 2147483647;
			files = (
			);
			runOnlyForDeploymentPostprocessing = 0;
		};
/* End PBXFrameworksBuildPhase section */

/* Begin PBXGroup section */
		A4000000 = {
			isa = PBXGroup;
			children = (
				A4000001 /* VoiceAvatar */,
				A4000002 /* Products */,
			);
			sourceTree = "<group>";
		};
		A4000001 /* VoiceAvatar */ = {
			isa = PBXGroup;
			children = (
				A4000003 /* App */,
				A4000004 /* Views */,
				A4000005 /* ViewModels */,
				A4000006 /* Models */,
				A4000007 /* Services */,
				A4000008 /* Extensions */,
				A4000009 /* Resources */,
			);
			path = VoiceAvatar;
			sourceTree = "<group>";
		};
		A4000002 /* Products */ = {
			isa = PBXGroup;
			children = (
				A2000000 /* VoiceAvatar.app */,
			);
			name = Products;
			sourceTree = "<group>";
		};
		A4000003 /* App */ = {
			isa = PBXGroup;
			children = (
				A2000001 /* VoiceAvatarApp.swift */,
				A2000002 /* ContentView.swift */,
				A2000019 /* Info.plist */,
			);
			path = App;
			sourceTree = "<group>";
		};
		A4000004 /* Views */ = {
			isa = PBXGroup;
			children = (
				A2000004 /* HomeView.swift */,
				A2000005 /* RecordingView.swift */,
				A2000006 /* ProfileListView.swift */,
				A2000017 /* ProfileDetailView.swift */,
				A2000007 /* VoiceConversionView.swift */,
				A2000016 /* WaveformView.swift */,
				A2000023 /* LockScreenView.swift */,
				A2000024 /* SettingsView.swift */,
			);
			path = Views;
			sourceTree = "<group>";
		};
		A4000005 /* ViewModels */ = {
			isa = PBXGroup;
			children = (
				A2000013 /* RecordingViewModel.swift */,
				A2000014 /* ProfileViewModel.swift */,
				A2000015 /* ConversionViewModel.swift */,
			);
			path = ViewModels;
			sourceTree = "<group>";
		};
		A4000006 /* Models */ = {
			isa = PBXGroup;
			children = (
				A2000009 /* VoiceProfile.swift */,
			);
			path = Models;
			sourceTree = "<group>";
		};
		A4000007 /* Services */ = {
			isa = PBXGroup;
			children = (
				A2000008 /* AudioRecordingService.swift */,
				A2000010 /* VoiceProfileManager.swift */,
				A2000011 /* VoiceConversionEngine.swift */,
				A2000012 /* AudioAnalyzer.swift */,
				A2000020 /* KeychainService.swift */,
				A2000021 /* SecurityManager.swift */,
				A2000022 /* BiometricAuthService.swift */,
				A2000025 /* CoreMLVoiceService.swift */,
				A2000026 /* WORLDVocoder.swift */,
			);
			path = Services;
			sourceTree = "<group>";
		};
		A4000008 /* Extensions */ = {
			isa = PBXGroup;
			children = (
				A2000018 /* Color+Extensions.swift */,
			);
			path = Extensions;
			sourceTree = "<group>";
		};
		A4000009 /* Resources */ = {
			isa = PBXGroup;
			children = (
				A2000003 /* Assets.xcassets */,
			);
			path = Resources;
			sourceTree = "<group>";
		};
/* End PBXGroup section */

/* Begin PBXNativeTarget section */
		A5000001 /* VoiceAvatar */ = {
			isa = PBXNativeTarget;
			buildConfigurationList = A6000003;
			buildPhases = (
				A3000002 /* Sources */,
				A3000001 /* Frameworks */,
				A3000003 /* Resources */,
			);
			buildRules = (
			);
			dependencies = (
			);
			name = VoiceAvatar;
			productName = VoiceAvatar;
			productReference = A2000000 /* VoiceAvatar.app */;
			productType = "com.apple.product-type.application";
		};
/* End PBXNativeTarget section */

/* Begin PBXProject section */
		A5000000 /* Project object */ = {
			isa = PBXProject;
			attributes = {
				BuildIndependentTargetsInParallel = 1;
				LastSwiftUpdateCheck = 1500;
				LastUpgradeCheck = 1500;
				TargetAttributes = {
					A5000001 = {
						CreatedOnToolsVersion = 15.0;
					};
				};
			};
			buildConfigurationList = A6000001;
			compatibilityVersion = "Xcode 14.0";
			developmentRegion = en;
			hasScannedForEncodings = 0;
			knownRegions = (
				en,
				Base,
			);
			mainGroup = A4000000;
			productRefGroup = A4000002 /* Products */;
			projectDirPath = "";
			projectRoot = "";
			targets = (
				A5000001 /* VoiceAvatar */,
			);
		};
/* End PBXProject section */

/* Begin PBXResourcesBuildPhase section */
		A3000003 /* Resources */ = {
			isa = PBXResourcesBuildPhase;
			buildActionMask = 2147483647;
			files = (
				A1000003 /* Assets.xcassets in Resources */,
			);
			runOnlyForDeploymentPostprocessing = 0;
		};
/* End PBXResourcesBuildPhase section */

/* Begin PBXSourcesBuildPhase section */
		A3000002 /* Sources */ = {
			isa = PBXSourcesBuildPhase;
			buildActionMask = 2147483647;
			files = (
				A1000001 /* VoiceAvatarApp.swift in Sources */,
				A1000002 /* ContentView.swift in Sources */,
				A1000004 /* HomeView.swift in Sources */,
				A1000005 /* RecordingView.swift in Sources */,
				A1000006 /* ProfileListView.swift in Sources */,
				A1000007 /* VoiceConversionView.swift in Sources */,
				A1000008 /* AudioRecordingService.swift in Sources */,
				A1000009 /* VoiceProfile.swift in Sources */,
				A1000010 /* VoiceProfileManager.swift in Sources */,
				A1000011 /* VoiceConversionEngine.swift in Sources */,
				A1000012 /* AudioAnalyzer.swift in Sources */,
				A1000013 /* RecordingViewModel.swift in Sources */,
				A1000014 /* ProfileViewModel.swift in Sources */,
				A1000015 /* ConversionViewModel.swift in Sources */,
				A1000016 /* WaveformView.swift in Sources */,
				A1000017 /* ProfileDetailView.swift in Sources */,
				A1000018 /* Color+Extensions.swift in Sources */,
				A1000019 /* KeychainService.swift in Sources */,
				A1000020 /* SecurityManager.swift in Sources */,
				A1000021 /* BiometricAuthService.swift in Sources */,
				A1000022 /* LockScreenView.swift in Sources */,
				A1000023 /* SettingsView.swift in Sources */,
				A1000024 /* CoreMLVoiceService.swift in Sources */,
				A1000025 /* WORLDVocoder.swift in Sources */,
			);
			runOnlyForDeploymentPostprocessing = 0;
		};
/* End PBXSourcesBuildPhase section */

/* Begin XCBuildConfiguration section */
		A6000002 /* Debug */ = {
			isa = XCBuildConfiguration;
			buildSettings = {
				ALWAYS_SEARCH_USER_PATHS = NO;
				ASSETCATALOG_COMPILER_GENERATE_SWIFT_ASSET_SYMBOL_EXTENSIONS = YES;
				CLANG_ANALYZER_NONNULL = YES;
				CLANG_ANALYZER_NUMBER_OBJECT_CONVERSION = YES_AGGRESSIVE;
				CLANG_CXX_LANGUAGE_STANDARD = "gnu++20";
				CLANG_ENABLE_MODULES = YES;
				CLANG_ENABLE_OBJC_ARC = YES;
				CLANG_ENABLE_OBJC_WEAK = YES;
				CLANG_WARN_BLOCK_CAPTURE_AUTORELEASING = YES;
				CLANG_WARN_BOOL_CONVERSION = YES;
				CLANG_WARN_COMMA = YES;
				CLANG_WARN_CONSTANT_CONVERSION = YES;
				CLANG_WARN_DEPRECATED_OBJC_IMPLEMENTATIONS = YES;
				CLANG_WARN_DIRECT_OBJC_ISA_USAGE = YES_ERROR;
				CLANG_WARN_DOCUMENTATION_COMMENTS = YES;
				CLANG_WARN_EMPTY_BODY = YES;
				CLANG_WARN_ENUM_CONVERSION = YES;
				CLANG_WARN_INFINITE_RECURSION = YES;
				CLANG_WARN_INT_CONVERSION = YES;
				CLANG_WARN_NON_LITERAL_NULL_CONVERSION = YES;
				CLANG_WARN_OBJC_IMPLICIT_RETAIN_SELF = YES;
				CLANG_WARN_OBJC_LITERAL_CONVERSION = YES;
				CLANG_WARN_OBJC_ROOT_CLASS = YES_ERROR;
				CLANG_WARN_QUOTED_INCLUDE_IN_FRAMEWORK_HEADER = YES;
				CLANG_WARN_RANGE_LOOP_ANALYSIS = YES;
				CLANG_WARN_STRICT_PROTOTYPES = YES;
				CLANG_WARN_SUSPICIOUS_MOVE = YES;
				CLANG_WARN_UNGUARDED_AVAILABILITY = YES_AGGRESSIVE;
				CLANG_WARN_UNREACHABLE_CODE = YES;
				CLANG_WARN__DUPLICATE_METHOD_MATCH = YES;
				COPY_PHASE_STRIP = NO;
				DEBUG_INFORMATION_FORMAT = dwarf;
				ENABLE_STRICT_OBJC_MSGSEND = YES;
				ENABLE_TESTABILITY = YES;
				ENABLE_USER_SCRIPT_SANDBOXING = YES;
				GCC_C_LANGUAGE_STANDARD = gnu17;
				GCC_DYNAMIC_NO_PIC = NO;
				GCC_NO_COMMON_BLOCKS = YES;
				GCC_OPTIMIZATION_LEVEL = 0;
				GCC_PREPROCESSOR_DEFINITIONS = (
					"DEBUG=1",
					"$(inherited)",
				);
				GCC_WARN_64_TO_32_BIT_CONVERSION = YES;
				GCC_WARN_ABOUT_RETURN_TYPE = YES_ERROR;
				GCC_WARN_UNDECLARED_SELECTOR = YES;
				GCC_WARN_UNINITIALIZED_AUTOS = YES_AGGRESSIVE;
				GCC_WARN_UNUSED_FUNCTION = YES;
				GCC_WARN_UNUSED_VARIABLE = YES;
				IPHONEOS_DEPLOYMENT_TARGET = 17.0;
				LOCALIZATION_PREFERS_STRING_CATALOGS = YES;
				MTL_ENABLE_DEBUG_INFO = INCLUDE_SOURCE;
				MTL_FAST_MATH = YES;
				ONLY_ACTIVE_ARCH = YES;
				SDKROOT = iphoneos;
				SWIFT_ACTIVE_COMPILATION_CONDITIONS = "DEBUG $(inherited)";
				SWIFT_OPTIMIZATION_LEVEL = "-Onone";
			};
			name = Debug;
		};
		A6000004 /* Release */ = {
			isa = XCBuildConfiguration;
			buildSettings = {
				ALWAYS_SEARCH_USER_PATHS = NO;
				ASSETCATALOG_COMPILER_GENERATE_SWIFT_ASSET_SYMBOL_EXTENSIONS = YES;
				CLANG_ANALYZER_NONNULL = YES;
				CLANG_ANALYZER_NUMBER_OBJECT_CONVERSION = YES_AGGRESSIVE;
				CLANG_CXX_LANGUAGE_STANDARD = "gnu++20";
				CLANG_ENABLE_MODULES = YES;
				CLANG_ENABLE_OBJC_ARC = YES;
				CLANG_ENABLE_OBJC_WEAK = YES;
				CLANG_WARN_BLOCK_CAPTURE_AUTORELEASING = YES;
				CLANG_WARN_BOOL_CONVERSION = YES;
				CLANG_WARN_COMMA = YES;
				CLANG_WARN_CONSTANT_CONVERSION = YES;
				CLANG_WARN_DEPRECATED_OBJC_IMPLEMENTATIONS = YES;
				CLANG_WARN_DIRECT_OBJC_ISA_USAGE = YES_ERROR;
				CLANG_WARN_DOCUMENTATION_COMMENTS = YES;
				CLANG_WARN_EMPTY_BODY = YES;
				CLANG_WARN_ENUM_CONVERSION = YES;
				CLANG_WARN_INFINITE_RECURSION = YES;
				CLANG_WARN_INT_CONVERSION = YES;
				CLANG_WARN_NON_LITERAL_NULL_CONVERSION = YES;
				CLANG_WARN_OBJC_IMPLICIT_RETAIN_SELF = YES;
				CLANG_WARN_OBJC_LITERAL_CONVERSION = YES;
				CLANG_WARN_OBJC_ROOT_CLASS = YES_ERROR;
				CLANG_WARN_QUOTED_INCLUDE_IN_FRAMEWORK_HEADER = YES;
				CLANG_WARN_RANGE_LOOP_ANALYSIS = YES;
				CLANG_WARN_STRICT_PROTOTYPES = YES;
				CLANG_WARN_SUSPICIOUS_MOVE = YES;
				CLANG_WARN_UNGUARDED_AVAILABILITY = YES_AGGRESSIVE;
				CLANG_WARN_UNREACHABLE_CODE = YES;
				CLANG_WARN__DUPLICATE_METHOD_MATCH = YES;
				COPY_PHASE_STRIP = NO;
				DEBUG_INFORMATION_FORMAT = "dwarf-with-dsym";
				ENABLE_NS_ASSERTIONS = NO;
				ENABLE_STRICT_OBJC_MSGSEND = YES;
				ENABLE_USER_SCRIPT_SANDBOXING = YES;
				GCC_C_LANGUAGE_STANDARD = gnu17;
				GCC_NO_COMMON_BLOCKS = YES;
				GCC_WARN_64_TO_32_BIT_CONVERSION = YES;
				GCC_WARN_ABOUT_RETURN_TYPE = YES_ERROR;
				GCC_WARN_UNDECLARED_SELECTOR = YES;
				GCC_WARN_UNINITIALIZED_AUTOS = YES_AGGRESSIVE;
				GCC_WARN_UNUSED_FUNCTION = YES;
				GCC_WARN_UNUSED_VARIABLE = YES;
				IPHONEOS_DEPLOYMENT_TARGET = 17.0;
				LOCALIZATION_PREFERS_STRING_CATALOGS = YES;
				MTL_ENABLE_DEBUG_INFO = NO;
				MTL_FAST_MATH = YES;
				SDKROOT = iphoneos;
				SWIFT_COMPILATION_MODE = wholemodule;
				VALIDATE_PRODUCT = YES;
			};
			name = Release;
		};
		A6000005 /* Debug */ = {
			isa = XCBuildConfiguration;
			buildSettings = {
				ASSETCATALOG_COMPILER_APPICON_NAME = AppIcon;
				ASSETCATALOG_COMPILER_GLOBAL_ACCENT_COLOR_NAME = AccentColor;
				CODE_SIGN_STYLE = Automatic;
				CURRENT_PROJECT_VERSION = 1;
				DEVELOPMENT_TEAM = "";
				ENABLE_PREVIEWS = YES;
				GENERATE_INFOPLIST_FILE = YES;
				INFOPLIST_FILE = VoiceAvatar/App/Info.plist;
				INFOPLIST_KEY_CFBundleDisplayName = "Voice Avatar";
				INFOPLIST_KEY_NSMicrophoneUsageDescription = "VoiceAvatar needs access to your microphone to record your voice and create voice profiles.";
				INFOPLIST_KEY_UIApplicationSceneManifest_Generation = YES;
				INFOPLIST_KEY_UIApplicationSupportsIndirectInputEvents = YES;
				INFOPLIST_KEY_UILaunchScreen_Generation = YES;
				INFOPLIST_KEY_UISupportedInterfaceOrientations_iPad = "UIInterfaceOrientationPortrait UIInterfaceOrientationPortraitUpsideDown UIInterfaceOrientationLandscapeLeft UIInterfaceOrientationLandscapeRight";
				INFOPLIST_KEY_UISupportedInterfaceOrientations_iPhone = "UIInterfaceOrientationPortrait UIInterfaceOrientationLandscapeLeft UIInterfaceOrientationLandscapeRight";
				LD_RUNPATH_SEARCH_PATHS = (
					"$(inherited)",
					"@executable_path/Frameworks",
				);
				MARKETING_VERSION = 1.0;
				PRODUCT_BUNDLE_IDENTIFIER = com.voiceavatar.app;
				PRODUCT_NAME = "$(TARGET_NAME)";
				SWIFT_EMIT_LOC_STRINGS = YES;
				SWIFT_VERSION = 5.0;
				TARGETED_DEVICE_FAMILY = "1,2";
			};
			name = Debug;
		};
		A6000006 /* Release */ = {
			isa = XCBuildConfiguration;
			buildSettings = {
				ASSETCATALOG_COMPILER_APPICON_NAME = AppIcon;
				ASSETCATALOG_COMPILER_GLOBAL_ACCENT_COLOR_NAME = AccentColor;
				CODE_SIGN_STYLE = Automatic;
				CURRENT_PROJECT_VERSION = 1;
				DEVELOPMENT_TEAM = "";
				ENABLE_PREVIEWS = YES;
				GENERATE_INFOPLIST_FILE = YES;
				INFOPLIST_FILE = VoiceAvatar/App/Info.plist;
				INFOPLIST_KEY_CFBundleDisplayName = "Voice Avatar";
				INFOPLIST_KEY_NSMicrophoneUsageDescription = "VoiceAvatar needs access to your microphone to record your voice and create voice profiles.";
				INFOPLIST_KEY_UIApplicationSceneManifest_Generation = YES;
				INFOPLIST_KEY_UIApplicationSupportsIndirectInputEvents = YES;
				INFOPLIST_KEY_UILaunchScreen_Generation = YES;
				INFOPLIST_KEY_UISupportedInterfaceOrientations_iPad = "UIInterfaceOrientationPortrait UIInterfaceOrientationPortraitUpsideDown UIInterfaceOrientationLandscapeLeft UIInterfaceOrientationLandscapeRight";
				INFOPLIST_KEY_UISupportedInterfaceOrientations_iPhone = "UIInterfaceOrientationPortrait UIInterfaceOrientationLandscapeLeft UIInterfaceOrientationLandscapeRight";
				LD_RUNPATH_SEARCH_PATHS = (
					"$(inherited)",
					"@executable_path/Frameworks",
				);
				MARKETING_VERSION = 1.0;
				PRODUCT_BUNDLE_IDENTIFIER = com.voiceavatar.app;
				PRODUCT_NAME = "$(TARGET_NAME)";
				SWIFT_EMIT_LOC_STRINGS = YES;
				SWIFT_VERSION = 5.0;
				TARGETED_DEVICE_FAMILY = "1,2";
			};
			name = Release;
		};
/* End XCBuildConfiguration section */

/* Begin XCConfigurationList section */
		A6000001 /* Build configuration list for PBXProject "VoiceAvatar" */ = {
			isa = XCConfigurationList;
			buildConfigurations = (
				A6000002 /* Debug */,
				A6000004 /* Release */,
			);
			defaultConfigurationIsVisible = 0;
			defaultConfigurationName = Release;
		};
		A6000003 /* Build configuration list for PBXNativeTarget "VoiceAvatar" */ = {
			isa = XCConfigurationList;
			buildConfigurations = (
				A6000005 /* Debug */,
				A6000006 /* Release */,
			);
			defaultConfigurationIsVisible = 0;
			defaultConfigurationName = Release;
		};
/* End XCConfigurationList section */
	};
	rootObject = A5000000 /* Project object */;
}
